
Microsoft Visual Studio Solution File, Format Version 12.00
# Visual Studio Version 17
VisualStudioVersion = 17.1.32421.90
MinimumVisualStudioVersion = 10.0.40219.1
Project("{9A19103F-16F7-4668-BE54-9A1E7A4F7556}") = "RomanNumeralConverter", "RomanNumeralConverter.csproj", "{731CCB32-0681-4D84-81DD-2888F6AE33A0}"
EndProject
Project("{FAE04EC0-301F-11D3-BF4B-00C04F79EFBC}") = "RomanNumeralTest", "..\RomanNumeralTest\RomanNumeralTest.csproj", "{7036E702-53F7-4E5B-B535-7B79EDD46F0D}"
EndProject
Global
	GlobalSection(SolutionConfigurationPlatforms) = preSolution
		Debug|Any CPU = Debug|Any CPU
		Release|Any CPU = Release|Any CPU
	EndGlobalSection
	GlobalSection(ProjectConfigurationPlatforms) = postSolution
		{731CCB32-0681-4D84-81DD-2888F6AE33A0}.Debug|Any CPU.ActiveCfg = Debug|Any CPU
		{731CCB32-0681-4D84-81DD-2888F6AE33A0}.Debug|Any CPU.Build.0 = Debug|Any CPU
		{731CCB32-0681-4D84-81DD-2888F6AE33A0}.Release|Any CPU.ActiveCfg = Release|Any CPU
		{731CCB32-0681-4D84-81DD-2888F6AE33A0}.Release|Any CPU.Build.0 = Release|Any CPU
		{7036E702-53F7-4E5B-B535-7B79EDD46F0D}.Debug|Any CPU.ActiveCfg = Debug|Any CPU
		{7036E702-53F7-4E5B-B535-7B79EDD46F0D}.Debug|Any CPU.Build.0 = Debug|Any CPU
		{7036E702-53F7-4E5B-B535-7B79EDD46F0D}.Release|Any CPU.ActiveCfg = Release|Any CPU
		{7036E702-53F7-4E5B-B535-7B79EDD46F0D}.Release|Any CPU.Build.0 = Release|Any CPU
	EndGlobalSection
	GlobalSection(SolutionProperties) = preSolution
		HideSolutionNode = FALSE
	EndGlobalSection
	GlobalSection(ExtensibilityGlobals) = postSolution
		SolutionGuid = {4623C627-9BE1-4FBD-AA96-120E6A1CDDEE}
	EndGlobalSection
EndGlobal
